
Microsoft Visual Studio Solution File, Format Version 12.00
# Visual Studio Version 16
VisualStudioVersion = 16.0.31727.386
MinimumVisualStudioVersion = 10.0.40219.1
Project("{FAE04EC0-301F-11D3-BF4B-00C04F79EFBC}") = "ProfilesAutoDrawing", "ProfilesAutoDrawing\ProfilesAutoDrawing.csproj", "{BADD759A-62A8-454A-A079-7ADF4DDA048D}"
EndProject
Global
	GlobalSection(SolutionConfigurationPlatforms) = preSolution
		Debug|Any CPU = Debug|Any CPU
		Release|Any CPU = Release|Any CPU
	EndGlobalSection
	GlobalSection(ProjectConfigurationPlatforms) = postSolution
		{BADD759A-62A8-454A-A079-7ADF4DDA048D}.Debug|Any CPU.ActiveCfg = Debug|Any CPU
		{BADD759A-62A8-454A-A079-7ADF4DDA048D}.Debug|Any CPU.Build.0 = Debug|Any CPU
		{BADD759A-62A8-454A-A079-7ADF4DDA048D}.Release|Any CPU.ActiveCfg = Release|Any CPU
		{BADD759A-62A8-454A-A079-7ADF4DDA048D}.Release|Any CPU.Build.0 = Release|Any CPU
	EndGlobalSection
	GlobalSection(SolutionProperties) = preSolution
		HideSolutionNode = FALSE
	EndGlobalSection
	GlobalSection(ExtensibilityGlobals) = postSolution
		SolutionGuid = {107E870D-4764-40C8-B741-B4F51EC1BA01}
	EndGlobalSection
EndGlobal
